// !$*UTF8*$!
{
	archiveVersion = 1;
	classes = {
	};
	objectVersion = 46;
	objects = {

/* Begin PBXBuildFile section */
		EE0C166E158386F800B879A6 /* QCLuckItemTableViewCell.m in Sources */ = {isa = PBXBuildFile; fileRef = EE0C166D158386F800B879A6 /* QCLuckItemTableViewCell.m */; };
		EE0C16711583872700B879A6 /* QCLuckItemTableViewCell.xib in Resources */ = {isa = PBXBuildFile; fileRef = EE0C16701583872700B879A6 /* QCLuckItemTableViewCell.xib */; };
		EE0C1679158565FA00B879A6 /* QCHistoryViewController.m in Sources */ = {isa = PBXBuildFile; fileRef = EE0C1677158565FA00B879A6 /* QCHistoryViewController.m */; };
		EE0C167A158565FA00B879A6 /* QCHistoryViewController.xib in Resources */ = {isa = PBXBuildFile; fileRef = EE0C1678158565FA00B879A6 /* QCHistoryViewController.xib */; };
		EE0C167F15856F2700B879A6 /* QCLuckItemDateSetViewController.m in Sources */ = {isa = PBXBuildFile; fileRef = EE0C167D15856F2700B879A6 /* QCLuckItemDateSetViewController.m */; };
		EE0C168015856F2700B879A6 /* QCLuckItemDateSetViewController.xib in Resources */ = {isa = PBXBuildFile; fileRef = EE0C167E15856F2700B879A6 /* QCLuckItemDateSetViewController.xib */; };
		EE15C818166C20C400D0A0E0 /* AdSupport.framework in Frameworks */ = {isa = PBXBuildFile; fileRef = EE15C817166C20C400D0A0E0 /* AdSupport.framework */; };
		EE15C81B166C20D300D0A0E0 /* PassKit.framework in Frameworks */ = {isa = PBXBuildFile; fileRef = EE15C81A166C20D300D0A0E0 /* PassKit.framework */; };
		EE15C81D166C20DF00D0A0E0 /* StoreKit.framework in Frameworks */ = {isa = PBXBuildFile; fileRef = EE15C81C166C20DF00D0A0E0 /* StoreKit.framework */; };
		EE15C81F166C250B00D0A0E0 /* Default-568h@2x.png in Resources */ = {isa = PBXBuildFile; fileRef = EE15C81E166C250B00D0A0E0 /* Default-568h@2x.png */; };
		EE21AED71585F90000D28D6F /* QCBallImageView.m in Sources */ = {isa = PBXBuildFile; fileRef = EE21AED61585F90000D28D6F /* QCBallImageView.m */; };
		EE3ECF031588754F0094D9A0 /* ball_blue.png in Resources */ = {isa = PBXBuildFile; fileRef = EE3ECF021588754F0094D9A0 /* ball_blue.png */; };
		EE417B341585C47800B77E45 /* CoreLocation.framework in Frameworks */ = {isa = PBXBuildFile; fileRef = EE417B331585C47800B77E45 /* CoreLocation.framework */; };
		EE417B361585C48600B77E45 /* SystemConfiguration.framework in Frameworks */ = {isa = PBXBuildFile; fileRef = EE417B351585C48600B77E45 /* SystemConfiguration.framework */; };
		EE417B391585DC9200B77E45 /* ball_orange.png in Resources */ = {isa = PBXBuildFile; fileRef = EE417B371585DC9200B77E45 /* ball_orange.png */; };
		EE417B3A1585DC9200B77E45 /* ball_red.png in Resources */ = {isa = PBXBuildFile; fileRef = EE417B381585DC9200B77E45 /* ball_red.png */; };
		EE85E616158D7106008FED54 /* LuckLottery-3D_icon.png in Resources */ = {isa = PBXBuildFile; fileRef = EE85E615158D7106008FED54 /* LuckLottery-3D_icon.png */; };
		EE85E618158D710A008FED54 /* LuckLottery-3D_icon@2x.png in Resources */ = {isa = PBXBuildFile; fileRef = EE85E617158D710A008FED54 /* LuckLottery-3D_icon@2x.png */; };
		EEA4FE6B15C573DD00FC523B /* LuckLottery-3D_icon_ipad.png in Resources */ = {isa = PBXBuildFile; fileRef = EEA4FE6A15C573DD00FC523B /* LuckLottery-3D_icon_ipad.png */; };
		EEA4FE6D15C573E100FC523B /* LuckLottery-3D_icon_ipad@2x.png in Resources */ = {isa = PBXBuildFile; fileRef = EEA4FE6C15C573E100FC523B /* LuckLottery-3D_icon_ipad@2x.png */; };
		EEA4FE7215C5743D00FC523B /* Default.png in Resources */ = {isa = PBXBuildFile; fileRef = EE85E619158D710F008FED54 /* Default.png */; };
		EEA790BF158AB62700A94A3E /* QCLuckItemNumSetViewController.m in Sources */ = {isa = PBXBuildFile; fileRef = EEA790BD158AB62700A94A3E /* QCLuckItemNumSetViewController.m */; };
		EEA790C0158AB62700A94A3E /* QCLuckItemNumSetViewController.xib in Resources */ = {isa = PBXBuildFile; fileRef = EEA790BE158AB62700A94A3E /* QCLuckItemNumSetViewController.xib */; };
		EEA9B087158730D40054C1EB /* QCHistoryTableViewCell.m in Sources */ = {isa = PBXBuildFile; fileRef = EEA9B086158730D40054C1EB /* QCHistoryTableViewCell.m */; };
		EEA9B08A158730FB0054C1EB /* QCHistoryTableViewCell.xib in Resources */ = {isa = PBXBuildFile; fileRef = EEA9B089158730FB0054C1EB /* QCHistoryTableViewCell.xib */; };
		EEBC8AE7158776BC00E8B6A2 /* QCDataItem.m in Sources */ = {isa = PBXBuildFile; fileRef = EEBC8AE6158776BC00E8B6A2 /* QCDataItem.m */; };
		EEBC8AEB15877FDE00E8B6A2 /* QCDataStore.m in Sources */ = {isa = PBXBuildFile; fileRef = EEBC8AEA15877FDE00E8B6A2 /* QCDataStore.m */; };
		EECBC5EF158F4F9A00B5D7C8 /* QCHelpViewController.m in Sources */ = {isa = PBXBuildFile; fileRef = EECBC5ED158F4F9A00B5D7C8 /* QCHelpViewController.m */; };
		EECBC5F0158F4F9A00B5D7C8 /* QCHelpViewController.xib in Resources */ = {isa = PBXBuildFile; fileRef = EECBC5EE158F4F9A00B5D7C8 /* QCHelpViewController.xib */; };
		EECF8CF515834E96000CA104 /* UIKit.framework in Frameworks */ = {isa = PBXBuildFile; fileRef = EECF8CF415834E96000CA104 /* UIKit.framework */; };
		EECF8CF715834E96000CA104 /* Foundation.framework in Frameworks */ = {isa = PBXBuildFile; fileRef = EECF8CF615834E96000CA104 /* Foundation.framework */; };
		EECF8CF915834E96000CA104 /* CoreGraphics.framework in Frameworks */ = {isa = PBXBuildFile; fileRef = EECF8CF815834E96000CA104 /* CoreGraphics.framework */; };
		EECF8CFF15834E96000CA104 /* InfoPlist.strings in Resources */ = {isa = PBXBuildFile; fileRef = EECF8CFD15834E96000CA104 /* InfoPlist.strings */; };
		EECF8D0115834E96000CA104 /* main.m in Sources */ = {isa = PBXBuildFile; fileRef = EECF8D0015834E96000CA104 /* main.m */; };
		EECF8D0515834E96000CA104 /* QCAppDelegate.m in Sources */ = {isa = PBXBuildFile; fileRef = EECF8D0415834E96000CA104 /* QCAppDelegate.m */; };
		EECF8D0815834E96000CA104 /* QCMainViewController.m in Sources */ = {isa = PBXBuildFile; fileRef = EECF8D0715834E96000CA104 /* QCMainViewController.m */; };
		EECF8D0B15834E96000CA104 /* QCMainViewController.xib in Resources */ = {isa = PBXBuildFile; fileRef = EECF8D0915834E96000CA104 /* QCMainViewController.xib */; };
		EECF8D1515836A8E000CA104 /* QCLuckItem.m in Sources */ = {isa = PBXBuildFile; fileRef = EECF8D1415836A8E000CA104 /* QCLuckItem.m */; };
		EEEAF75B15C40EEC000F192D /* QCHistoryTableViewCell_IPad.xib in Resources */ = {isa = PBXBuildFile; fileRef = EEEAF75A15C40EEC000F192D /* QCHistoryTableViewCell_IPad.xib */; };
		EEEAF77815C4252C000F192D /* DomobAdSDKBundle.bundle in Resources */ = {isa = PBXBuildFile; fileRef = EEEAF77615C4252C000F192D /* DomobAdSDKBundle.bundle */; };
		EEEAF77915C4252C000F192D /* libDomobAdSDK.a in Frameworks */ = {isa = PBXBuildFile; fileRef = EEEAF77715C4252C000F192D /* libDomobAdSDK.a */; };
		EEF409621676245100227C5A /* QCLoginView.m in Sources */ = {isa = PBXBuildFile; fileRef = EEF409611676245100227C5A /* QCLoginView.m */; };
		EEFB029215DF9EFB005C3491 /* Default@2x.png in Resources */ = {isa = PBXBuildFile; fileRef = EE85E61B158D7113008FED54 /* Default@2x.png */; };
		EEFB029415DF9F49005C3491 /* Default-Portrait~ipad.png in Resources */ = {isa = PBXBuildFile; fileRef = EEFB029315DF9F49005C3491 /* Default-Portrait~ipad.png */; };
		EEFB029A15DFA0DA005C3491 /* Default-Landscape~ipad.png in Resources */ = {isa = PBXBuildFile; fileRef = EEFB029915DFA0DA005C3491 /* Default-Landscape~ipad.png */; };
		EEFB029C15DFA72A005C3491 /* Default-Landscape@2x~ipad.png in Resources */ = {isa = PBXBuildFile; fileRef = EEFB029B15DFA72A005C3491 /* Default-Landscape@2x~ipad.png */; };
		EEFB029E15DFA731005C3491 /* Default-Portrait@2x~ipad.png in Resources */ = {isa = PBXBuildFile; fileRef = EEFB029D15DFA731005C3491 /* Default-Portrait@2x~ipad.png */; };
/* End PBXBuildFile section */

/* Begin PBXFileReference section */
		EE0C166C158386F800B879A6 /* QCLuckItemTableViewCell.h */ = {isa = PBXFileReference; fileEncoding = 4; lastKnownFileType = sourcecode.c.h; path = QCLuckItemTableViewCell.h; sourceTree = "<group>"; };
		EE0C166D158386F800B879A6 /* QCLuckItemTableViewCell.m */ = {isa = PBXFileReference; fileEncoding = 4; lastKnownFileType = sourcecode.c.objc; path = QCLuckItemTableViewCell.m; sourceTree = "<group>"; };
		EE0C16701583872700B879A6 /* QCLuckItemTableViewCell.xib */ = {isa = PBXFileReference; fileEncoding = 4; lastKnownFileType = file.xib; path = QCLuckItemTableViewCell.xib; sourceTree = "<group>"; };
		EE0C1676158565FA00B879A6 /* QCHistoryViewController.h */ = {isa = PBXFileReference; fileEncoding = 4; lastKnownFileType = sourcecode.c.h; path = QCHistoryViewController.h; sourceTree = "<group>"; };
		EE0C1677158565FA00B879A6 /* QCHistoryViewController.m */ = {isa = PBXFileReference; fileEncoding = 4; lastKnownFileType = sourcecode.c.objc; path = QCHistoryViewController.m; sourceTree = "<group>"; };
		EE0C1678158565FA00B879A6 /* QCHistoryViewController.xib */ = {isa = PBXFileReference; fileEncoding = 4; lastKnownFileType = file.xib; path = QCHistoryViewController.xib; sourceTree = "<group>"; };
		EE0C167C15856F2700B879A6 /* QCLuckItemDateSetViewController.h */ = {isa = PBXFileReference; fileEncoding = 4; lastKnownFileType = sourcecode.c.h; path = QCLuckItemDateSetViewController.h; sourceTree = "<group>"; };
		EE0C167D15856F2700B879A6 /* QCLuckItemDateSetViewController.m */ = {isa = PBXFileReference; fileEncoding = 4; lastKnownFileType = sourcecode.c.objc; path = QCLuckItemDateSetViewController.m; sourceTree = "<group>"; };
		EE0C167E15856F2700B879A6 /* QCLuckItemDateSetViewController.xib */ = {isa = PBXFileReference; fileEncoding = 4; lastKnownFileType = file.xib; path = QCLuckItemDateSetViewController.xib; sourceTree = "<group>"; };
		EE15C817166C20C400D0A0E0 /* AdSupport.framework */ = {isa = PBXFileReference; lastKnownFileType = wrapper.framework; name = AdSupport.framework; path = System/Library/Frameworks/AdSupport.framework; sourceTree = SDKROOT; };
		EE15C81A166C20D300D0A0E0 /* PassKit.framework */ = {isa = PBXFileReference; lastKnownFileType = wrapper.framework; name = PassKit.framework; path = System/Library/Frameworks/PassKit.framework; sourceTree = SDKROOT; };
		EE15C81C166C20DF00D0A0E0 /* StoreKit.framework */ = {isa = PBXFileReference; lastKnownFileType = wrapper.framework; name = StoreKit.framework; path = System/Library/Frameworks/StoreKit.framework; sourceTree = SDKROOT; };
		EE15C81E166C250B00D0A0E0 /* Default-568h@2x.png */ = {isa = PBXFileReference; lastKnownFileType = image.png; name = "Default-568h@2x.png"; path = "../Default-568h@2x.png"; sourceTree = "<group>"; };
		EE21AED51585F90000D28D6F /* QCBallImageView.h */ = {isa = PBXFileReference; fileEncoding = 4; lastKnownFileType = sourcecode.c.h; path = QCBallImageView.h; sourceTree = "<group>"; };
		EE21AED61585F90000D28D6F /* QCBallImageView.m */ = {isa = PBXFileReference; fileEncoding = 4; lastKnownFileType = sourcecode.c.objc; path = QCBallImageView.m; sourceTree = "<group>"; };
		EE3ECF021588754F0094D9A0 /* ball_blue.png */ = {isa = PBXFileReference; lastKnownFileType = image.png; path = ball_blue.png; sourceTree = "<group>"; };
		EE417B331585C47800B77E45 /* CoreLocation.framework */ = {isa = PBXFileReference; lastKnownFileType = wrapper.framework; name = CoreLocation.framework; path = System/Library/Frameworks/CoreLocation.framework; sourceTree = SDKROOT; };
		EE417B351585C48600B77E45 /* SystemConfiguration.framework */ = {isa = PBXFileReference; lastKnownFileType = wrapper.framework; name = SystemConfiguration.framework; path = System/Library/Frameworks/SystemConfiguration.framework; sourceTree = SDKROOT; };
		EE417B371585DC9200B77E45 /* ball_orange.png */ = {isa = PBXFileReference; lastKnownFileType = image.png; path = ball_orange.png; sourceTree = "<group>"; };
		EE417B381585DC9200B77E45 /* ball_red.png */ = {isa = PBXFileReference; lastKnownFileType = image.png; path = ball_red.png; sourceTree = "<group>"; };
		EE85E615158D7106008FED54 /* LuckLottery-3D_icon.png */ = {isa = PBXFileReference; lastKnownFileType = image.png; path = "LuckLottery-3D_icon.png"; sourceTree = SOURCE_ROOT; };
		EE85E617158D710A008FED54 /* LuckLottery-3D_icon@2x.png */ = {isa = PBXFileReference; lastKnownFileType = image.png; path = "LuckLottery-3D_icon@2x.png"; sourceTree = SOURCE_ROOT; };
		EE85E619158D710F008FED54 /* Default.png */ = {isa = PBXFileReference; lastKnownFileType = image.png; name = Default.png; path = ../Default.png; sourceTree = "<group>"; };
		EE85E61B158D7113008FED54 /* Default@2x.png */ = {isa = PBXFileReference; lastKnownFileType = image.png; name = "Default@2x.png"; path = "../Default@2x.png"; sourceTree = "<group>"; };
		EEA4FE6A15C573DD00FC523B /* LuckLottery-3D_icon_ipad.png */ = {isa = PBXFileReference; lastKnownFileType = image.png; path = "LuckLottery-3D_icon_ipad.png"; sourceTree = SOURCE_ROOT; };
		EEA4FE6C15C573E100FC523B /* LuckLottery-3D_icon_ipad@2x.png */ = {isa = PBXFileReference; lastKnownFileType = image.png; path = "LuckLottery-3D_icon_ipad@2x.png"; sourceTree = SOURCE_ROOT; };
		EEA790BC158AB62700A94A3E /* QCLuckItemNumSetViewController.h */ = {isa = PBXFileReference; fileEncoding = 4; lastKnownFileType = sourcecode.c.h; path = QCLuckItemNumSetViewController.h; sourceTree = "<group>"; };
		EEA790BD158AB62700A94A3E /* QCLuckItemNumSetViewController.m */ = {isa = PBXFileReference; fileEncoding = 4; lastKnownFileType = sourcecode.c.objc; path = QCLuckItemNumSetViewController.m; sourceTree = "<group>"; };
		EEA790BE158AB62700A94A3E /* QCLuckItemNumSetViewController.xib */ = {isa = PBXFileReference; fileEncoding = 4; lastKnownFileType = file.xib; path = QCLuckItemNumSetViewController.xib; sourceTree = "<group>"; };
		EEA9B085158730D40054C1EB /* QCHistoryTableViewCell.h */ = {isa = PBXFileReference; fileEncoding = 4; lastKnownFileType = sourcecode.c.h; path = QCHistoryTableViewCell.h; sourceTree = "<group>"; };
		EEA9B086158730D40054C1EB /* QCHistoryTableViewCell.m */ = {isa = PBXFileReference; fileEncoding = 4; lastKnownFileType = sourcecode.c.objc; path = QCHistoryTableViewCell.m; sourceTree = "<group>"; };
		EEA9B089158730FB0054C1EB /* QCHistoryTableViewCell.xib */ = {isa = PBXFileReference; fileEncoding = 4; lastKnownFileType = file.xib; path = QCHistoryTableViewCell.xib; sourceTree = "<group>"; };
		EEBC8AE5158776BC00E8B6A2 /* QCDataItem.h */ = {isa = PBXFileReference; fileEncoding = 4; lastKnownFileType = sourcecode.c.h; path = QCDataItem.h; sourceTree = "<group>"; };
		EEBC8AE6158776BC00E8B6A2 /* QCDataItem.m */ = {isa = PBXFileReference; fileEncoding = 4; lastKnownFileType = sourcecode.c.objc; path = QCDataItem.m; sourceTree = "<group>"; };
		EEBC8AE915877FDE00E8B6A2 /* QCDataStore.h */ = {isa = PBXFileReference; fileEncoding = 4; lastKnownFileType = sourcecode.c.h; path = QCDataStore.h; sourceTree = "<group>"; };
		EEBC8AEA15877FDE00E8B6A2 /* QCDataStore.m */ = {isa = PBXFileReference; fileEncoding = 4; lastKnownFileType = sourcecode.c.objc; path = QCDataStore.m; sourceTree = "<group>"; };
		EECBC5EC158F4F9A00B5D7C8 /* QCHelpViewController.h */ = {isa = PBXFileReference; fileEncoding = 4; lastKnownFileType = sourcecode.c.h; path = QCHelpViewController.h; sourceTree = "<group>"; };
		EECBC5ED158F4F9A00B5D7C8 /* QCHelpViewController.m */ = {isa = PBXFileReference; fileEncoding = 4; lastKnownFileType = sourcecode.c.objc; path = QCHelpViewController.m; sourceTree = "<group>"; };
		EECBC5EE158F4F9A00B5D7C8 /* QCHelpViewController.xib */ = {isa = PBXFileReference; fileEncoding = 4; lastKnownFileType = file.xib; path = QCHelpViewController.xib; sourceTree = "<group>"; };
		EECF8CF015834E96000CA104 /* LuckLottery_3D.app */ = {isa = PBXFileReference; explicitFileType = wrapper.application; includeInIndex = 0; path = LuckLottery_3D.app; sourceTree = BUILT_PRODUCTS_DIR; };
		EECF8CF415834E96000CA104 /* UIKit.framework */ = {isa = PBXFileReference; lastKnownFileType = wrapper.framework; name = UIKit.framework; path = System/Library/Frameworks/UIKit.framework; sourceTree = SDKROOT; };
		EECF8CF615834E96000CA104 /* Foundation.framework */ = {isa = PBXFileReference; lastKnownFileType = wrapper.framework; name = Foundation.framework; path = System/Library/Frameworks/Foundation.framework; sourceTree = SDKROOT; };
		EECF8CF815834E96000CA104 /* CoreGraphics.framework */ = {isa = PBXFileReference; lastKnownFileType = wrapper.framework; name = CoreGraphics.framework; path = System/Library/Frameworks/CoreGraphics.framework; sourceTree = SDKROOT; };
		EECF8CFC15834E96000CA104 /* LuckLottery-Info.plist */ = {isa = PBXFileReference; lastKnownFileType = text.plist.xml; path = "LuckLottery-Info.plist"; sourceTree = "<group>"; };
		EECF8D0015834E96000CA104 /* main.m */ = {isa = PBXFileReference; lastKnownFileType = sourcecode.c.objc; path = main.m; sourceTree = "<group>"; };
		EECF8D0215834E96000CA104 /* LuckLottery-Prefix.pch */ = {isa = PBXFileReference; lastKnownFileType = sourcecode.c.h; path = "LuckLottery-Prefix.pch"; sourceTree = "<group>"; };
		EECF8D0315834E96000CA104 /* QCAppDelegate.h */ = {isa = PBXFileReference; lastKnownFileType = sourcecode.c.h; path = QCAppDelegate.h; sourceTree = "<group>"; };
		EECF8D0415834E96000CA104 /* QCAppDelegate.m */ = {isa = PBXFileReference; lastKnownFileType = sourcecode.c.objc; path = QCAppDelegate.m; sourceTree = "<group>"; };
		EECF8D0615834E96000CA104 /* QCMainViewController.h */ = {isa = PBXFileReference; lastKnownFileType = sourcecode.c.h; path = QCMainViewController.h; sourceTree = "<group>"; };
		EECF8D0715834E96000CA104 /* QCMainViewController.m */ = {isa = PBXFileReference; lastKnownFileType = sourcecode.c.objc; path = QCMainViewController.m; sourceTree = "<group>"; };
		EECF8D111583526B000CA104 /* zh-Hans */ = {isa = PBXFileReference; lastKnownFileType = file.xib; name = "zh-Hans"; path = "/Users/sunwu/work/LuckLottery/LuckLottery/zh-Hans.lproj/QCMainViewController.xib"; sourceTree = "<absolute>"; };
		EECF8D121583526B000CA104 /* zh-Hans */ = {isa = PBXFileReference; lastKnownFileType = text.plist.strings; name = "zh-Hans"; path = "/Users/sunwu/work/LuckLottery/LuckLottery/zh-Hans.lproj/InfoPlist.strings"; sourceTree = "<absolute>"; };
		EECF8D1315836A8E000CA104 /* QCLuckItem.h */ = {isa = PBXFileReference; fileEncoding = 4; lastKnownFileType = sourcecode.c.h; path = QCLuckItem.h; sourceTree = "<group>"; };
		EECF8D1415836A8E000CA104 /* QCLuckItem.m */ = {isa = PBXFileReference; fileEncoding = 4; lastKnownFileType = sourcecode.c.objc; path = QCLuckItem.m; sourceTree = "<group>"; };
		EEEAF75A15C40EEC000F192D /* QCHistoryTableViewCell_IPad.xib */ = {isa = PBXFileReference; fileEncoding = 4; lastKnownFileType = file.xib; path = QCHistoryTableViewCell_IPad.xib; sourceTree = "<group>"; };
		EEEAF77115C4252C000F192D /* DMAdView.h */ = {isa = PBXFileReference; fileEncoding = 4; lastKnownFileType = sourcecode.c.h; path = DMAdView.h; sourceTree = "<group>"; };
		EEEAF77215C4252C000F192D /* DMInterstitialAdController.h */ = {isa = PBXFileReference; fileEncoding = 4; lastKnownFileType = sourcecode.c.h; path = DMInterstitialAdController.h; sourceTree = "<group>"; };
		EEEAF77315C4252C000F192D /* DMSplashAdController.h */ = {isa = PBXFileReference; fileEncoding = 4; lastKnownFileType = sourcecode.c.h; path = DMSplashAdController.h; sourceTree = "<group>"; };
		EEEAF77415C4252C000F192D /* DMTools.h */ = {isa = PBXFileReference; fileEncoding = 4; lastKnownFileType = sourcecode.c.h; path = DMTools.h; sourceTree = "<group>"; };
		EEEAF77615C4252C000F192D /* DomobAdSDKBundle.bundle */ = {isa = PBXFileReference; lastKnownFileType = "wrapper.plug-in"; path = DomobAdSDKBundle.bundle; sourceTree = "<group>"; };
		EEEAF77715C4252C000F192D /* libDomobAdSDK.a */ = {isa = PBXFileReference; lastKnownFileType = archive.ar; path = libDomobAdSDK.a; sourceTree = "<group>"; };
		EEF409601676245100227C5A /* QCLoginView.h */ = {isa = PBXFileReference; fileEncoding = 4; lastKnownFileType = sourcecode.c.h; path = QCLoginView.h; sourceTree = "<group>"; };
		EEF409611676245100227C5A /* QCLoginView.m */ = {isa = PBXFileReference; fileEncoding = 4; lastKnownFileType = sourcecode.c.objc; path = QCLoginView.m; sourceTree = "<group>"; };
		EEFB029315DF9F49005C3491 /* Default-Portrait~ipad.png */ = {isa = PBXFileReference; lastKnownFileType = image.png; name = "Default-Portrait~ipad.png"; path = "../Default-Portrait~ipad.png"; sourceTree = "<group>"; };
		EEFB029915DFA0DA005C3491 /* Default-Landscape~ipad.png */ = {isa = PBXFileReference; lastKnownFileType = image.png; name = "Default-Landscape~ipad.png"; path = "../Default-Landscape~ipad.png"; sourceTree = "<group>"; };
		EEFB029B15DFA72A005C3491 /* Default-Landscape@2x~ipad.png */ = {isa = PBXFileReference; lastKnownFileType = image.png; name = "Default-Landscape@2x~ipad.png"; path = "../Default-Landscape@2x~ipad.png"; sourceTree = "<group>"; };
		EEFB029D15DFA731005C3491 /* Default-Portrait@2x~ipad.png */ = {isa = PBXFileReference; lastKnownFileType = image.png; name = "Default-Portrait@2x~ipad.png"; path = "../Default-Portrait@2x~ipad.png"; sourceTree = "<group>"; };
/* End PBXFileReference section */

/* Begin PBXFrameworksBuildPhase section */
		EECF8CED15834E96000CA104 /* Frameworks */ = {
			isa = PBXFrameworksBuildPhase;
			buildActionMask = 2147483647;
			files = (
				EE15C81D166C20DF00D0A0E0 /* StoreKit.framework in Frameworks */,
				EE15C81B166C20D300D0A0E0 /* PassKit.framework in Frameworks */,
				EE15C818166C20C400D0A0E0 /* AdSupport.framework in Frameworks */,
				EE417B361585C48600B77E45 /* SystemConfiguration.framework in Frameworks */,
				EE417B341585C47800B77E45 /* CoreLocation.framework in Frameworks */,
				EECF8CF515834E96000CA104 /* UIKit.framework in Frameworks */,
				EECF8CF715834E96000CA104 /* Foundation.framework in Frameworks */,
				EECF8CF915834E96000CA104 /* CoreGraphics.framework in Frameworks */,
				EEEAF77915C4252C000F192D /* libDomobAdSDK.a in Frameworks */,
			);
			runOnlyForDeploymentPostprocessing = 0;
		};
/* End PBXFrameworksBuildPhase section */

/* Begin PBXGroup section */
		EECF8CE515834E96000CA104 = {
			isa = PBXGroup;
			children = (
				EEEAF77015C4252C000F192D /* DomobAdSDK */,
				EECF8CFA15834E96000CA104 /* LuckLottery */,
				EECF8CF315834E96000CA104 /* Frameworks */,
				EECF8CF115834E96000CA104 /* Products */,
			);
			sourceTree = "<group>";
		};
		EECF8CF115834E96000CA104 /* Products */ = {
			isa = PBXGroup;
			children = (
				EECF8CF015834E96000CA104 /* LuckLottery_3D.app */,
			);
			name = Products;
			sourceTree = "<group>";
		};
		EECF8CF315834E96000CA104 /* Frameworks */ = {
			isa = PBXGroup;
			children = (
				EE15C81C166C20DF00D0A0E0 /* StoreKit.framework */,
				EE15C81A166C20D300D0A0E0 /* PassKit.framework */,
				EE15C817166C20C400D0A0E0 /* AdSupport.framework */,
				EE417B351585C48600B77E45 /* SystemConfiguration.framework */,
				EE417B331585C47800B77E45 /* CoreLocation.framework */,
				EECF8CF415834E96000CA104 /* UIKit.framework */,
				EECF8CF615834E96000CA104 /* Foundation.framework */,
				EECF8CF815834E96000CA104 /* CoreGraphics.framework */,
			);
			name = Frameworks;
			sourceTree = "<group>";
		};
		EECF8CFA15834E96000CA104 /* LuckLottery */ = {
			isa = PBXGroup;
			children = (
				EECF8D0315834E96000CA104 /* QCAppDelegate.h */,
				EECF8D0415834E96000CA104 /* QCAppDelegate.m */,
				EECF8D0615834E96000CA104 /* QCMainViewController.h */,
				EECF8D0715834E96000CA104 /* QCMainViewController.m */,
				EECF8D0915834E96000CA104 /* QCMainViewController.xib */,
				EEF409601676245100227C5A /* QCLoginView.h */,
				EEF409611676245100227C5A /* QCLoginView.m */,
				EE0C1676158565FA00B879A6 /* QCHistoryViewController.h */,
				EE0C1677158565FA00B879A6 /* QCHistoryViewController.m */,
				EE0C1678158565FA00B879A6 /* QCHistoryViewController.xib */,
				EEA9B085158730D40054C1EB /* QCHistoryTableViewCell.h */,
				EEA9B086158730D40054C1EB /* QCHistoryTableViewCell.m */,
				EEA9B089158730FB0054C1EB /* QCHistoryTableViewCell.xib */,
				EEEAF75A15C40EEC000F192D /* QCHistoryTableViewCell_IPad.xib */,
				EE0C166C158386F800B879A6 /* QCLuckItemTableViewCell.h */,
				EE0C166D158386F800B879A6 /* QCLuckItemTableViewCell.m */,
				EE0C16701583872700B879A6 /* QCLuckItemTableViewCell.xib */,
				EECF8D1315836A8E000CA104 /* QCLuckItem.h */,
				EECF8D1415836A8E000CA104 /* QCLuckItem.m */,
				EE0C167C15856F2700B879A6 /* QCLuckItemDateSetViewController.h */,
				EE0C167D15856F2700B879A6 /* QCLuckItemDateSetViewController.m */,
				EE0C167E15856F2700B879A6 /* QCLuckItemDateSetViewController.xib */,
				EEA790BC158AB62700A94A3E /* QCLuckItemNumSetViewController.h */,
				EEA790BD158AB62700A94A3E /* QCLuckItemNumSetViewController.m */,
				EEA790BE158AB62700A94A3E /* QCLuckItemNumSetViewController.xib */,
				EE21AED51585F90000D28D6F /* QCBallImageView.h */,
				EE21AED61585F90000D28D6F /* QCBallImageView.m */,
				EEBC8AE5158776BC00E8B6A2 /* QCDataItem.h */,
				EEBC8AE6158776BC00E8B6A2 /* QCDataItem.m */,
				EEBC8AE915877FDE00E8B6A2 /* QCDataStore.h */,
				EEBC8AEA15877FDE00E8B6A2 /* QCDataStore.m */,
				EECBC5EC158F4F9A00B5D7C8 /* QCHelpViewController.h */,
				EECBC5ED158F4F9A00B5D7C8 /* QCHelpViewController.m */,
				EECBC5EE158F4F9A00B5D7C8 /* QCHelpViewController.xib */,
				EECF8CFB15834E96000CA104 /* Supporting Files */,
			);
			path = LuckLottery;
			sourceTree = "<group>";
		};
		EECF8CFB15834E96000CA104 /* Supporting Files */ = {
			isa = PBXGroup;
			children = (
				EE85E61B158D7113008FED54 /* Default@2x.png */,
				EE85E619158D710F008FED54 /* Default.png */,
				EE15C81E166C250B00D0A0E0 /* Default-568h@2x.png */,
				EE85E617158D710A008FED54 /* LuckLottery-3D_icon@2x.png */,
				EE85E615158D7106008FED54 /* LuckLottery-3D_icon.png */,
				EEA4FE6C15C573E100FC523B /* LuckLottery-3D_icon_ipad@2x.png */,
				EEA4FE6A15C573DD00FC523B /* LuckLottery-3D_icon_ipad.png */,
				EEFB029915DFA0DA005C3491 /* Default-Landscape~ipad.png */,
				EEFB029315DF9F49005C3491 /* Default-Portrait~ipad.png */,
				EEFB029D15DFA731005C3491 /* Default-Portrait@2x~ipad.png */,
				EEFB029B15DFA72A005C3491 /* Default-Landscape@2x~ipad.png */,
				EE3ECF021588754F0094D9A0 /* ball_blue.png */,
				EE417B371585DC9200B77E45 /* ball_orange.png */,
				EE417B381585DC9200B77E45 /* ball_red.png */,
				EECF8CFC15834E96000CA104 /* LuckLottery-Info.plist */,
				EECF8CFD15834E96000CA104 /* InfoPlist.strings */,
				EECF8D0015834E96000CA104 /* main.m */,
				EECF8D0215834E96000CA104 /* LuckLottery-Prefix.pch */,
			);
			name = "Supporting Files";
			sourceTree = "<group>";
		};
		EEEAF77015C4252C000F192D /* DomobAdSDK */ = {
			isa = PBXGroup;
			children = (
				EEEAF77115C4252C000F192D /* DMAdView.h */,
				EEEAF77215C4252C000F192D /* DMInterstitialAdController.h */,
				EEEAF77315C4252C000F192D /* DMSplashAdController.h */,
				EEEAF77415C4252C000F192D /* DMTools.h */,
				EEEAF77515C4252C000F192D /* DomobAdSDKBundle */,
				EEEAF77715C4252C000F192D /* libDomobAdSDK.a */,
			);
			path = DomobAdSDK;
			sourceTree = "<group>";
		};
		EEEAF77515C4252C000F192D /* DomobAdSDKBundle */ = {
			isa = PBXGroup;
			children = (
				EEEAF77615C4252C000F192D /* DomobAdSDKBundle.bundle */,
			);
			path = DomobAdSDKBundle;
			sourceTree = "<group>";
		};
/* End PBXGroup section */

/* Begin PBXNativeTarget section */
		EECF8CEF15834E96000CA104 /* LuckLottery_3D */ = {
			isa = PBXNativeTarget;
			buildConfigurationList = EECF8D0E15834E96000CA104 /* Build configuration list for PBXNativeTarget "LuckLottery_3D" */;
			buildPhases = (
				EECF8CEC15834E96000CA104 /* Sources */,
				EECF8CED15834E96000CA104 /* Frameworks */,
				EECF8CEE15834E96000CA104 /* Resources */,
			);
			buildRules = (
			);
			dependencies = (
			);
			name = LuckLottery_3D;
			productName = LuckLottery;
			productReference = EECF8CF015834E96000CA104 /* LuckLottery_3D.app */;
			productType = "com.apple.product-type.application";
		};
/* End PBXNativeTarget section */

/* Begin PBXProject section */
		EECF8CE715834E96000CA104 /* Project object */ = {
			isa = PBXProject;
			attributes = {
				CLASSPREFIX = QC;
				LastUpgradeCheck = 0430;
			};
			buildConfigurationList = EECF8CEA15834E96000CA104 /* Build configuration list for PBXProject "LuckLottery" */;
			compatibilityVersion = "Xcode 3.2";
			developmentRegion = English;
			hasScannedForEncodings = 0;
			knownRegions = (
				en,
			);
			mainGroup = EECF8CE515834E96000CA104;
			productRefGroup = EECF8CF115834E96000CA104 /* Products */;
			projectDirPath = "";
			projectRoot = "";
			targets = (
				EECF8CEF15834E96000CA104 /* LuckLottery_3D */,
			);
		};
/* End PBXProject section */

/* Begin PBXResourcesBuildPhase section */
		EECF8CEE15834E96000CA104 /* Resources */ = {
			isa = PBXResourcesBuildPhase;
			buildActionMask = 2147483647;
			files = (
				EECF8CFF15834E96000CA104 /* InfoPlist.strings in Resources */,
				EECF8D0B15834E96000CA104 /* QCMainViewController.xib in Resources */,
				EE0C16711583872700B879A6 /* QCLuckItemTableViewCell.xib in Resources */,
				EE0C167A158565FA00B879A6 /* QCHistoryViewController.xib in Resources */,
				EE0C168015856F2700B879A6 /* QCLuckItemDateSetViewController.xib in Resources */,
				EE417B391585DC9200B77E45 /* ball_orange.png in Resources */,
				EE417B3A1585DC9200B77E45 /* ball_red.png in Resources */,
				EEA9B08A158730FB0054C1EB /* QCHistoryTableViewCell.xib in Resources */,
				EE3ECF031588754F0094D9A0 /* ball_blue.png in Resources */,
				EEA790C0158AB62700A94A3E /* QCLuckItemNumSetViewController.xib in Resources */,
				EE85E616158D7106008FED54 /* LuckLottery-3D_icon.png in Resources */,
				EE85E618158D710A008FED54 /* LuckLottery-3D_icon@2x.png in Resources */,
				EECBC5F0158F4F9A00B5D7C8 /* QCHelpViewController.xib in Resources */,
				EEEAF75B15C40EEC000F192D /* QCHistoryTableViewCell_IPad.xib in Resources */,
				EEEAF77815C4252C000F192D /* DomobAdSDKBundle.bundle in Resources */,
				EEA4FE6B15C573DD00FC523B /* LuckLottery-3D_icon_ipad.png in Resources */,
				EEA4FE6D15C573E100FC523B /* LuckLottery-3D_icon_ipad@2x.png in Resources */,
				EEA4FE7215C5743D00FC523B /* Default.png in Resources */,
				EEFB029215DF9EFB005C3491 /* Default@2x.png in Resources */,
				EEFB029415DF9F49005C3491 /* Default-Portrait~ipad.png in Resources */,
				EEFB029A15DFA0DA005C3491 /* Default-Landscape~ipad.png in Resources */,
				EEFB029C15DFA72A005C3491 /* Default-Landscape@2x~ipad.png in Resources */,
				EEFB029E15DFA731005C3491 /* Default-Portrait@2x~ipad.png in Resources */,
				EE15C81F166C250B00D0A0E0 /* Default-568h@2x.png in Resources */,
			);
			runOnlyForDeploymentPostprocessing = 0;
		};
/* End PBXResourcesBuildPhase section */

/* Begin PBXSourcesBuildPhase section */
		EECF8CEC15834E96000CA104 /* Sources */ = {
			isa = PBXSourcesBuildPhase;
			buildActionMask = 2147483647;
			files = (
				EECF8D0115834E96000CA104 /* main.m in Sources */,
				EECF8D0515834E96000CA104 /* QCAppDelegate.m in Sources */,
				EECF8D0815834E96000CA104 /* QCMainViewController.m in Sources */,
				EECF8D1515836A8E000CA104 /* QCLuckItem.m in Sources */,
				EE0C166E158386F800B879A6 /* QCLuckItemTableViewCell.m in Sources */,
				EE0C1679158565FA00B879A6 /* QCHistoryViewController.m in Sources */,
				EE0C167F15856F2700B879A6 /* QCLuckItemDateSetViewController.m in Sources */,
				EE21AED71585F90000D28D6F /* QCBallImageView.m in Sources */,
				EEA9B087158730D40054C1EB /* QCHistoryTableViewCell.m in Sources */,
				EEBC8AE7158776BC00E8B6A2 /* QCDataItem.m in Sources */,
				EEBC8AEB15877FDE00E8B6A2 /* QCDataStore.m in Sources */,
				EEA790BF158AB62700A94A3E /* QCLuckItemNumSetViewController.m in Sources */,
				EECBC5EF158F4F9A00B5D7C8 /* QCHelpViewController.m in Sources */,
				EEF409621676245100227C5A /* QCLoginView.m in Sources */,
			);
			runOnlyForDeploymentPostprocessing = 0;
		};
/* End PBXSourcesBuildPhase section */

/* Begin PBXVariantGroup section */
		EECF8CFD15834E96000CA104 /* InfoPlist.strings */ = {
			isa = PBXVariantGroup;
			children = (
				EECF8D121583526B000CA104 /* zh-Hans */,
			);
			name = InfoPlist.strings;
			sourceTree = "<group>";
		};
		EECF8D0915834E96000CA104 /* QCMainViewController.xib */ = {
			isa = PBXVariantGroup;
			children = (
				EECF8D111583526B000CA104 /* zh-Hans */,
			);
			name = QCMainViewController.xib;
			sourceTree = "<group>";
		};
/* End PBXVariantGroup section */

/* Begin XCBuildConfiguration section */
		EECF8D0C15834E96000CA104 /* Debug */ = {
			isa = XCBuildConfiguration;
			buildSettings = {
				ALWAYS_SEARCH_USER_PATHS = NO;
				ARCHS = "$(ARCHS_STANDARD_32_BIT)";
				CLANG_ENABLE_OBJC_ARC = YES;
				"CODE_SIGN_IDENTITY[sdk=iphoneos*]" = "iPhone Developer";
				COPY_PHASE_STRIP = NO;
				GCC_C_LANGUAGE_STANDARD = gnu99;
				GCC_DYNAMIC_NO_PIC = NO;
				GCC_OPTIMIZATION_LEVEL = 0;
				GCC_PREPROCESSOR_DEFINITIONS = (
					"DEBUG=1",
					"$(inherited)",
				);
				GCC_SYMBOLS_PRIVATE_EXTERN = NO;
				GCC_VERSION = com.apple.compilers.llvm.clang.1_0;
				GCC_WARN_ABOUT_RETURN_TYPE = YES;
				GCC_WARN_UNINITIALIZED_AUTOS = YES;
				GCC_WARN_UNUSED_VARIABLE = YES;
				IPHONEOS_DEPLOYMENT_TARGET = 5.0;
				SDKROOT = iphoneos;
			};
			name = Debug;
		};
		EECF8D0D15834E96000CA104 /* Release */ = {
			isa = XCBuildConfiguration;
			buildSettings = {
				ALWAYS_SEARCH_USER_PATHS = NO;
				ARCHS = "$(ARCHS_STANDARD_32_BIT)";
				CLANG_ENABLE_OBJC_ARC = YES;
				CODE_SIGN_IDENTITY = "iPhone Distribution";
				"CODE_SIGN_IDENTITY[sdk=iphoneos*]" = "iPhone Distribution";
				COPY_PHASE_STRIP = YES;
				GCC_C_LANGUAGE_STANDARD = gnu99;
				GCC_VERSION = com.apple.compilers.llvm.clang.1_0;
				GCC_WARN_ABOUT_RETURN_TYPE = YES;
				GCC_WARN_UNINITIALIZED_AUTOS = YES;
				GCC_WARN_UNUSED_VARIABLE = YES;
				IPHONEOS_DEPLOYMENT_TARGET = 5.0;
				OTHER_CFLAGS = "-DNS_BLOCK_ASSERTIONS=1";
				PROVISIONING_PROFILE = "";
				"PROVISIONING_PROFILE[sdk=iphoneos*]" = "";
				SDKROOT = iphoneos;
				VALIDATE_PRODUCT = YES;
			};
			name = Release;
		};
		EECF8D0F15834E96000CA104 /* Debug */ = {
			isa = XCBuildConfiguration;
			buildSettings = {
				GCC_PRECOMPILE_PREFIX_HEADER = YES;
				GCC_PREFIX_HEADER = "LuckLottery/LuckLottery-Prefix.pch";
				INFOPLIST_FILE = "LuckLottery/LuckLottery-Info.plist";
				IPHONEOS_DEPLOYMENT_TARGET = 5.0;
				LIBRARY_SEARCH_PATHS = (
					"$(inherited)",
					"\"$(SRCROOT)/DomobAdSDK\"",
				);
				PRODUCT_NAME = "$(TARGET_NAME)";
				TARGETED_DEVICE_FAMILY = "1,2";
				WRAPPER_EXTENSION = app;
			};
			name = Debug;
		};
		EECF8D1015834E96000CA104 /* Release */ = {
			isa = XCBuildConfiguration;
			buildSettings = {
				GCC_PRECOMPILE_PREFIX_HEADER = YES;
				GCC_PREFIX_HEADER = "LuckLottery/LuckLottery-Prefix.pch";
				INFOPLIST_FILE = "LuckLottery/LuckLottery-Info.plist";
				IPHONEOS_DEPLOYMENT_TARGET = 5.0;
				LIBRARY_SEARCH_PATHS = (
					"$(inherited)",
					"\"$(SRCROOT)/DomobAdSDK\"",
				);
				PRODUCT_NAME = "$(TARGET_NAME)";
				TARGETED_DEVICE_FAMILY = "1,2";
				WRAPPER_EXTENSION = app;
			};
			name = Release;
		};
/* End XCBuildConfiguration section */

/* Begin XCConfigurationList section */
		EECF8CEA15834E96000CA104 /* Build configuration list for PBXProject "LuckLottery" */ = {
			isa = XCConfigurationList;
			buildConfigurations = (
				EECF8D0C15834E96000CA104 /* Debug */,
				EECF8D0D15834E96000CA104 /* Release */,
			);
			defaultConfigurationIsVisible = 0;
			defaultConfigurationName = Release;
		};
		EECF8D0E15834E96000CA104 /* Build configuration list for PBXNativeTarget "LuckLottery_3D" */ = {
			isa = XCConfigurationList;
			buildConfigurations = (
				EECF8D0F15834E96000CA104 /* Debug */,
				EECF8D1015834E96000CA104 /* Release */,
			);
			defaultConfigurationIsVisible = 0;
			defaultConfigurationName = Release;
		};
/* End XCConfigurationList section */
	};
	rootObject = EECF8CE715834E96000CA104 /* Project object */;
}
