// !$*UTF8*$!
{
	archiveVersion = 1;
	classes = {
	};
	objectVersion = 46;
	objects = {

/* Begin PBXBuildFile section */
		EE0C166E158386F800B879A6 /* QCLuckItemTableViewCell.m in Sources */ = {isa = PBXBuildFile; fileRef = EE0C166D158386F800B879A6 /* QCLuckItemTableViewCell.m */; };
		EE0C16711583872700B879A6 /* QCLuckItemTableViewCell.xib in Resources */ = {isa = PBXBuildFile; fileRef = EE0C16701583872700B879A6 /* QCLuckItemTableViewCell.xib */; };
		EE0C1679158565FA00B879A6 /* QCHistoryViewController.m in Sources */ = {isa = PBXBuildFile; fileRef = EE0C1677158565FA00B879A6 /* QCHistoryViewController.m */; };
		EE0C167A158565FA00B879A6 /* QCHistoryViewController.xib in Resources */ = {isa = PBXBuildFile; fileRef = EE0C1678158565FA00B879A6 /* QCHistoryViewController.xib */; };
		EE0C167F15856F2700B879A6 /* QCLuckItemDateSetViewController.m in Sources */ = {isa = PBXBuildFile; fileRef = EE0C167D15856F2700B879A6 /* QCLuckItemDateSetViewController.m */; };
		EE0C168015856F2700B879A6 /* QCLuckItemDateSetViewController.xib in Resources */ = {isa = PBXBuildFile; fileRef = EE0C167E15856F2700B879A6 /* QCLuckItemDateSetViewController.xib */; };
		EE21AED71585F90000D28D6F /* QCBallImageView.m in Sources */ = {isa = PBXBuildFile; fileRef = EE21AED61585F90000D28D6F /* QCBallImageView.m */; };
		EE3ECF031588754F0094D9A0 /* ball_blue.png in Resources */ = {isa = PBXBuildFile; fileRef = EE3ECF021588754F0094D9A0 /* ball_blue.png */; };
		EE3ECF061588755D0094D9A0 /* Default.png in Resources */ = {isa = PBXBuildFile; fileRef = EE3ECF051588755D0094D9A0 /* Default.png */; };
		EE417B301585C44C00B77E45 /* DomobAdSDKBundle.bundle in Resources */ = {isa = PBXBuildFile; fileRef = EE417B2E1585C44C00B77E45 /* DomobAdSDKBundle.bundle */; };
		EE417B311585C44C00B77E45 /* libDomobAdSDK.a in Frameworks */ = {isa = PBXBuildFile; fileRef = EE417B2F1585C44C00B77E45 /* libDomobAdSDK.a */; };
		EE417B341585C47800B77E45 /* CoreLocation.framework in Frameworks */ = {isa = PBXBuildFile; fileRef = EE417B331585C47800B77E45 /* CoreLocation.framework */; };
		EE417B361585C48600B77E45 /* SystemConfiguration.framework in Frameworks */ = {isa = PBXBuildFile; fileRef = EE417B351585C48600B77E45 /* SystemConfiguration.framework */; };
		EE417B391585DC9200B77E45 /* ball_orange.png in Resources */ = {isa = PBXBuildFile; fileRef = EE417B371585DC9200B77E45 /* ball_orange.png */; };
		EE417B3A1585DC9200B77E45 /* ball_red.png in Resources */ = {isa = PBXBuildFile; fileRef = EE417B381585DC9200B77E45 /* ball_red.png */; };
		EEA790BF158AB62700A94A3E /* QCLuckItemNumSetViewController.m in Sources */ = {isa = PBXBuildFile; fileRef = EEA790BD158AB62700A94A3E /* QCLuckItemNumSetViewController.m */; };
		EEA790C0158AB62700A94A3E /* QCLuckItemNumSetViewController.xib in Resources */ = {isa = PBXBuildFile; fileRef = EEA790BE158AB62700A94A3E /* QCLuckItemNumSetViewController.xib */; };
		EEA9B087158730D40054C1EB /* QCHistoryTableViewCell.m in Sources */ = {isa = PBXBuildFile; fileRef = EEA9B086158730D40054C1EB /* QCHistoryTableViewCell.m */; };
		EEA9B08A158730FB0054C1EB /* QCHistoryTableViewCell.xib in Resources */ = {isa = PBXBuildFile; fileRef = EEA9B089158730FB0054C1EB /* QCHistoryTableViewCell.xib */; };
		EEBC8AE7158776BC00E8B6A2 /* QCDataItem.m in Sources */ = {isa = PBXBuildFile; fileRef = EEBC8AE6158776BC00E8B6A2 /* QCDataItem.m */; };
		EEBC8AEB15877FDE00E8B6A2 /* QCDataStore.m in Sources */ = {isa = PBXBuildFile; fileRef = EEBC8AEA15877FDE00E8B6A2 /* QCDataStore.m */; };
		EECF8CF515834E96000CA104 /* UIKit.framework in Frameworks */ = {isa = PBXBuildFile; fileRef = EECF8CF415834E96000CA104 /* UIKit.framework */; };
		EECF8CF715834E96000CA104 /* Foundation.framework in Frameworks */ = {isa = PBXBuildFile; fileRef = EECF8CF615834E96000CA104 /* Foundation.framework */; };
		EECF8CF915834E96000CA104 /* CoreGraphics.framework in Frameworks */ = {isa = PBXBuildFile; fileRef = EECF8CF815834E96000CA104 /* CoreGraphics.framework */; };
		EECF8CFF15834E96000CA104 /* InfoPlist.strings in Resources */ = {isa = PBXBuildFile; fileRef = EECF8CFD15834E96000CA104 /* InfoPlist.strings */; };
		EECF8D0115834E96000CA104 /* main.m in Sources */ = {isa = PBXBuildFile; fileRef = EECF8D0015834E96000CA104 /* main.m */; };
		EECF8D0515834E96000CA104 /* QCAppDelegate.m in Sources */ = {isa = PBXBuildFile; fileRef = EECF8D0415834E96000CA104 /* QCAppDelegate.m */; };
		EECF8D0815834E96000CA104 /* QCMainViewController.m in Sources */ = {isa = PBXBuildFile; fileRef = EECF8D0715834E96000CA104 /* QCMainViewController.m */; };
		EECF8D0B15834E96000CA104 /* QCMainViewController.xib in Resources */ = {isa = PBXBuildFile; fileRef = EECF8D0915834E96000CA104 /* QCMainViewController.xib */; };
		EECF8D1515836A8E000CA104 /* QCLuckItem.m in Sources */ = {isa = PBXBuildFile; fileRef = EECF8D1415836A8E000CA104 /* QCLuckItem.m */; };
/* End PBXBuildFile section */

/* Begin PBXFileReference section */
		EE0C166C158386F800B879A6 /* QCLuckItemTableViewCell.h */ = {isa = PBXFileReference; fileEncoding = 4; lastKnownFileType = sourcecode.c.h; path = QCLuckItemTableViewCell.h; sourceTree = "<group>"; };
		EE0C166D158386F800B879A6 /* QCLuckItemTableViewCell.m */ = {isa = PBXFileReference; fileEncoding = 4; lastKnownFileType = sourcecode.c.objc; path = QCLuckItemTableViewCell.m; sourceTree = "<group>"; };
		EE0C16701583872700B879A6 /* QCLuckItemTableViewCell.xib */ = {isa = PBXFileReference; fileEncoding = 4; lastKnownFileType = file.xib; path = QCLuckItemTableViewCell.xib; sourceTree = "<group>"; };
		EE0C1676158565FA00B879A6 /* QCHistoryViewController.h */ = {isa = PBXFileReference; fileEncoding = 4; lastKnownFileType = sourcecode.c.h; path = QCHistoryViewController.h; sourceTree = "<group>"; };
		EE0C1677158565FA00B879A6 /* QCHistoryViewController.m */ = {isa = PBXFileReference; fileEncoding = 4; lastKnownFileType = sourcecode.c.objc; path = QCHistoryViewController.m; sourceTree = "<group>"; };
		EE0C1678158565FA00B879A6 /* QCHistoryViewController.xib */ = {isa = PBXFileReference; fileEncoding = 4; lastKnownFileType = file.xib; path = QCHistoryViewController.xib; sourceTree = "<group>"; };
		EE0C167C15856F2700B879A6 /* QCLuckItemDateSetViewController.h */ = {isa = PBXFileReference; fileEncoding = 4; lastKnownFileType = sourcecode.c.h; path = QCLuckItemDateSetViewController.h; sourceTree = "<group>"; };
		EE0C167D15856F2700B879A6 /* QCLuckItemDateSetViewController.m */ = {isa = PBXFileReference; fileEncoding = 4; lastKnownFileType = sourcecode.c.objc; path = QCLuckItemDateSetViewController.m; sourceTree = "<group>"; };
		EE0C167E15856F2700B879A6 /* QCLuckItemDateSetViewController.xib */ = {isa = PBXFileReference; fileEncoding = 4; lastKnownFileType = file.xib; path = QCLuckItemDateSetViewController.xib; sourceTree = "<group>"; };
		EE21AED51585F90000D28D6F /* QCBallImageView.h */ = {isa = PBXFileReference; fileEncoding = 4; lastKnownFileType = sourcecode.c.h; path = QCBallImageView.h; sourceTree = "<group>"; };
		EE21AED61585F90000D28D6F /* QCBallImageView.m */ = {isa = PBXFileReference; fileEncoding = 4; lastKnownFileType = sourcecode.c.objc; path = QCBallImageView.m; sourceTree = "<group>"; };
		EE3ECF021588754F0094D9A0 /* ball_blue.png */ = {isa = PBXFileReference; lastKnownFileType = image.png; path = ball_blue.png; sourceTree = "<group>"; };
		EE3ECF051588755D0094D9A0 /* Default.png */ = {isa = PBXFileReference; lastKnownFileType = image.png; name = Default.png; path = ../Default.png; sourceTree = "<group>"; };
		EE417B2A1585C44C00B77E45 /* DMAdView.h */ = {isa = PBXFileReference; fileEncoding = 4; lastKnownFileType = sourcecode.c.h; path = DMAdView.h; sourceTree = "<group>"; };
		EE417B2B1585C44C00B77E45 /* DMInterstitialAdController.h */ = {isa = PBXFileReference; fileEncoding = 4; lastKnownFileType = sourcecode.c.h; path = DMInterstitialAdController.h; sourceTree = "<group>"; };
		EE417B2C1585C44C00B77E45 /* DMTools.h */ = {isa = PBXFileReference; fileEncoding = 4; lastKnownFileType = sourcecode.c.h; path = DMTools.h; sourceTree = "<group>"; };
		EE417B2E1585C44C00B77E45 /* DomobAdSDKBundle.bundle */ = {isa = PBXFileReference; lastKnownFileType = "wrapper.plug-in"; path = DomobAdSDKBundle.bundle; sourceTree = "<group>"; };
		EE417B2F1585C44C00B77E45 /* libDomobAdSDK.a */ = {isa = PBXFileReference; lastKnownFileType = archive.ar; path = libDomobAdSDK.a; sourceTree = "<group>"; };
		EE417B331585C47800B77E45 /* CoreLocation.framework */ = {isa = PBXFileReference; lastKnownFileType = wrapper.framework; name = CoreLocation.framework; path = System/Library/Frameworks/CoreLocation.framework; sourceTree = SDKROOT; };
		EE417B351585C48600B77E45 /* SystemConfiguration.framework */ = {isa = PBXFileReference; lastKnownFileType = wrapper.framework; name = SystemConfiguration.framework; path = System/Library/Frameworks/SystemConfiguration.framework; sourceTree = SDKROOT; };
		EE417B371585DC9200B77E45 /* ball_orange.png */ = {isa = PBXFileReference; lastKnownFileType = image.png; path = ball_orange.png; sourceTree = "<group>"; };
		EE417B381585DC9200B77E45 /* ball_red.png */ = {isa = PBXFileReference; lastKnownFileType = image.png; path = ball_red.png; sourceTree = "<group>"; };
		EEA790BC158AB62700A94A3E /* QCLuckItemNumSetViewController.h */ = {isa = PBXFileReference; fileEncoding = 4; lastKnownFileType = sourcecode.c.h; path = QCLuckItemNumSetViewController.h; sourceTree = "<group>"; };
		EEA790BD158AB62700A94A3E /* QCLuckItemNumSetViewController.m */ = {isa = PBXFileReference; fileEncoding = 4; lastKnownFileType = sourcecode.c.objc; path = QCLuckItemNumSetViewController.m; sourceTree = "<group>"; };
		EEA790BE158AB62700A94A3E /* QCLuckItemNumSetViewController.xib */ = {isa = PBXFileReference; fileEncoding = 4; lastKnownFileType = file.xib; path = QCLuckItemNumSetViewController.xib; sourceTree = "<group>"; };
		EEA9B085158730D40054C1EB /* QCHistoryTableViewCell.h */ = {isa = PBXFileReference; fileEncoding = 4; lastKnownFileType = sourcecode.c.h; path = QCHistoryTableViewCell.h; sourceTree = "<group>"; };
		EEA9B086158730D40054C1EB /* QCHistoryTableViewCell.m */ = {isa = PBXFileReference; fileEncoding = 4; lastKnownFileType = sourcecode.c.objc; path = QCHistoryTableViewCell.m; sourceTree = "<group>"; };
		EEA9B089158730FB0054C1EB /* QCHistoryTableViewCell.xib */ = {isa = PBXFileReference; fileEncoding = 4; lastKnownFileType = file.xib; path = QCHistoryTableViewCell.xib; sourceTree = "<group>"; };
		EEBC8AE5158776BC00E8B6A2 /* QCDataItem.h */ = {isa = PBXFileReference; fileEncoding = 4; lastKnownFileType = sourcecode.c.h; path = QCDataItem.h; sourceTree = "<group>"; };
		EEBC8AE6158776BC00E8B6A2 /* QCDataItem.m */ = {isa = PBXFileReference; fileEncoding = 4; lastKnownFileType = sourcecode.c.objc; path = QCDataItem.m; sourceTree = "<group>"; };
		EEBC8AE915877FDE00E8B6A2 /* QCDataStore.h */ = {isa = PBXFileReference; fileEncoding = 4; lastKnownFileType = sourcecode.c.h; path = QCDataStore.h; sourceTree = "<group>"; };
		EEBC8AEA15877FDE00E8B6A2 /* QCDataStore.m */ = {isa = PBXFileReference; fileEncoding = 4; lastKnownFileType = sourcecode.c.objc; path = QCDataStore.m; sourceTree = "<group>"; };
		EECF8CF015834E96000CA104 /* LuckLottery.app */ = {isa = PBXFileReference; explicitFileType = wrapper.application; includeInIndex = 0; path = LuckLottery.app; sourceTree = BUILT_PRODUCTS_DIR; };
		EECF8CF415834E96000CA104 /* UIKit.framework */ = {isa = PBXFileReference; lastKnownFileType = wrapper.framework; name = UIKit.framework; path = System/Library/Frameworks/UIKit.framework; sourceTree = SDKROOT; };
		EECF8CF615834E96000CA104 /* Foundation.framework */ = {isa = PBXFileReference; lastKnownFileType = wrapper.framework; name = Foundation.framework; path = System/Library/Frameworks/Foundation.framework; sourceTree = SDKROOT; };
		EECF8CF815834E96000CA104 /* CoreGraphics.framework */ = {isa = PBXFileReference; lastKnownFileType = wrapper.framework; name = CoreGraphics.framework; path = System/Library/Frameworks/CoreGraphics.framework; sourceTree = SDKROOT; };
		EECF8CFC15834E96000CA104 /* LuckLottery-Info.plist */ = {isa = PBXFileReference; lastKnownFileType = text.plist.xml; path = "LuckLottery-Info.plist"; sourceTree = "<group>"; };
		EECF8D0015834E96000CA104 /* main.m */ = {isa = PBXFileReference; lastKnownFileType = sourcecode.c.objc; path = main.m; sourceTree = "<group>"; };
		EECF8D0215834E96000CA104 /* LuckLottery-Prefix.pch */ = {isa = PBXFileReference; lastKnownFileType = sourcecode.c.h; path = "LuckLottery-Prefix.pch"; sourceTree = "<group>"; };
		EECF8D0315834E96000CA104 /* QCAppDelegate.h */ = {isa = PBXFileReference; lastKnownFileType = sourcecode.c.h; path = QCAppDelegate.h; sourceTree = "<group>"; };
		EECF8D0415834E96000CA104 /* QCAppDelegate.m */ = {isa = PBXFileReference; lastKnownFileType = sourcecode.c.objc; path = QCAppDelegate.m; sourceTree = "<group>"; };
		EECF8D0615834E96000CA104 /* QCMainViewController.h */ = {isa = PBXFileReference; lastKnownFileType = sourcecode.c.h; path = QCMainViewController.h; sourceTree = "<group>"; };
		EECF8D0715834E96000CA104 /* QCMainViewController.m */ = {isa = PBXFileReference; lastKnownFileType = sourcecode.c.objc; path = QCMainViewController.m; sourceTree = "<group>"; };
		EECF8D111583526B000CA104 /* zh-Hans */ = {isa = PBXFileReference; lastKnownFileType = file.xib; name = "zh-Hans"; path = "/Users/sunwu/work/LuckLottery/LuckLottery/zh-Hans.lproj/QCMainViewController.xib"; sourceTree = "<absolute>"; };
		EECF8D121583526B000CA104 /* zh-Hans */ = {isa = PBXFileReference; lastKnownFileType = text.plist.strings; name = "zh-Hans"; path = "/Users/sunwu/work/LuckLottery/LuckLottery/zh-Hans.lproj/InfoPlist.strings"; sourceTree = "<absolute>"; };
		EECF8D1315836A8E000CA104 /* QCLuckItem.h */ = {isa = PBXFileReference; fileEncoding = 4; lastKnownFileType = sourcecode.c.h; path = QCLuckItem.h; sourceTree = "<group>"; };
		EECF8D1415836A8E000CA104 /* QCLuckItem.m */ = {isa = PBXFileReference; fileEncoding = 4; lastKnownFileType = sourcecode.c.objc; path = QCLuckItem.m; sourceTree = "<group>"; };
/* End PBXFileReference section */

/* Begin PBXFrameworksBuildPhase section */
		EECF8CED15834E96000CA104 /* Frameworks */ = {
			isa = PBXFrameworksBuildPhase;
			buildActionMask = 2147483647;
			files = (
				EE417B361585C48600B77E45 /* SystemConfiguration.framework in Frameworks */,
				EE417B341585C47800B77E45 /* CoreLocation.framework in Frameworks */,
				EECF8CF515834E96000CA104 /* UIKit.framework in Frameworks */,
				EECF8CF715834E96000CA104 /* Foundation.framework in Frameworks */,
				EECF8CF915834E96000CA104 /* CoreGraphics.framework in Frameworks */,
				EE417B311585C44C00B77E45 /* libDomobAdSDK.a in Frameworks */,
			);
			runOnlyForDeploymentPostprocessing = 0;
		};
/* End PBXFrameworksBuildPhase section */

/* Begin PBXGroup section */
		EE417B291585C44C00B77E45 /* DomobAdSDK */ = {
			isa = PBXGroup;
			children = (
				EE417B2A1585C44C00B77E45 /* DMAdView.h */,
				EE417B2B1585C44C00B77E45 /* DMInterstitialAdController.h */,
				EE417B2C1585C44C00B77E45 /* DMTools.h */,
				EE417B2D1585C44C00B77E45 /* DomobAdSDKBundle */,
				EE417B2F1585C44C00B77E45 /* libDomobAdSDK.a */,
			);
			path = DomobAdSDK;
			sourceTree = "<group>";
		};
		EE417B2D1585C44C00B77E45 /* DomobAdSDKBundle */ = {
			isa = PBXGroup;
			children = (
				EE417B2E1585C44C00B77E45 /* DomobAdSDKBundle.bundle */,
			);
			path = DomobAdSDKBundle;
			sourceTree = "<group>";
		};
		EECF8CE515834E96000CA104 = {
			isa = PBXGroup;
			children = (
				EECF8CFA15834E96000CA104 /* LuckLottery */,
				EE417B291585C44C00B77E45 /* DomobAdSDK */,
				EECF8CF315834E96000CA104 /* Frameworks */,
				EECF8CF115834E96000CA104 /* Products */,
			);
			sourceTree = "<group>";
		};
		EECF8CF115834E96000CA104 /* Products */ = {
			isa = PBXGroup;
			children = (
				EECF8CF015834E96000CA104 /* LuckLottery.app */,
			);
			name = Products;
			sourceTree = "<group>";
		};
		EECF8CF315834E96000CA104 /* Frameworks */ = {
			isa = PBXGroup;
			children = (
				EE417B351585C48600B77E45 /* SystemConfiguration.framework */,
				EE417B331585C47800B77E45 /* CoreLocation.framework */,
				EECF8CF415834E96000CA104 /* UIKit.framework */,
				EECF8CF615834E96000CA104 /* Foundation.framework */,
				EECF8CF815834E96000CA104 /* CoreGraphics.framework */,
			);
			name = Frameworks;
			sourceTree = "<group>";
		};
		EECF8CFA15834E96000CA104 /* LuckLottery */ = {
			isa = PBXGroup;
			children = (
				EECF8D0315834E96000CA104 /* QCAppDelegate.h */,
				EECF8D0415834E96000CA104 /* QCAppDelegate.m */,
				EECF8D0615834E96000CA104 /* QCMainViewController.h */,
				EECF8D0715834E96000CA104 /* QCMainViewController.m */,
				EECF8D0915834E96000CA104 /* QCMainViewController.xib */,
				EE0C1676158565FA00B879A6 /* QCHistoryViewController.h */,
				EE0C1677158565FA00B879A6 /* QCHistoryViewController.m */,
				EE0C1678158565FA00B879A6 /* QCHistoryViewController.xib */,
				EEA9B085158730D40054C1EB /* QCHistoryTableViewCell.h */,
				EEA9B086158730D40054C1EB /* QCHistoryTableViewCell.m */,
				EEA9B089158730FB0054C1EB /* QCHistoryTableViewCell.xib */,
				EE0C166C158386F800B879A6 /* QCLuckItemTableViewCell.h */,
				EE0C166D158386F800B879A6 /* QCLuckItemTableViewCell.m */,
				EE0C16701583872700B879A6 /* QCLuckItemTableViewCell.xib */,
				EECF8D1315836A8E000CA104 /* QCLuckItem.h */,
				EECF8D1415836A8E000CA104 /* QCLuckItem.m */,
				EE0C167C15856F2700B879A6 /* QCLuckItemDateSetViewController.h */,
				EE0C167D15856F2700B879A6 /* QCLuckItemDateSetViewController.m */,
				EE0C167E15856F2700B879A6 /* QCLuckItemDateSetViewController.xib */,
				EEA790BC158AB62700A94A3E /* QCLuckItemNumSetViewController.h */,
				EEA790BD158AB62700A94A3E /* QCLuckItemNumSetViewController.m */,
				EEA790BE158AB62700A94A3E /* QCLuckItemNumSetViewController.xib */,
				EE21AED51585F90000D28D6F /* QCBallImageView.h */,
				EE21AED61585F90000D28D6F /* QCBallImageView.m */,
				EEBC8AE5158776BC00E8B6A2 /* QCDataItem.h */,
				EEBC8AE6158776BC00E8B6A2 /* QCDataItem.m */,
				EEBC8AE915877FDE00E8B6A2 /* QCDataStore.h */,
				EEBC8AEA15877FDE00E8B6A2 /* QCDataStore.m */,
				EECF8CFB15834E96000CA104 /* Supporting Files */,
			);
			path = LuckLottery;
			sourceTree = "<group>";
		};
		EECF8CFB15834E96000CA104 /* Supporting Files */ = {
			isa = PBXGroup;
			children = (
				EE3ECF051588755D0094D9A0 /* Default.png */,
				EE3ECF021588754F0094D9A0 /* ball_blue.png */,
				EE417B371585DC9200B77E45 /* ball_orange.png */,
				EE417B381585DC9200B77E45 /* ball_red.png */,
				EECF8CFC15834E96000CA104 /* LuckLottery-Info.plist */,
				EECF8CFD15834E96000CA104 /* InfoPlist.strings */,
				EECF8D0015834E96000CA104 /* main.m */,
				EECF8D0215834E96000CA104 /* LuckLottery-Prefix.pch */,
			);
			name = "Supporting Files";
			sourceTree = "<group>";
		};
/* End PBXGroup section */

/* Begin PBXNativeTarget section */
		EECF8CEF15834E96000CA104 /* LuckLottery */ = {
			isa = PBXNativeTarget;
			buildConfigurationList = EECF8D0E15834E96000CA104 /* Build configuration list for PBXNativeTarget "LuckLottery" */;
			buildPhases = (
				EECF8CEC15834E96000CA104 /* Sources */,
				EECF8CED15834E96000CA104 /* Frameworks */,
				EECF8CEE15834E96000CA104 /* Resources */,
			);
			buildRules = (
			);
			dependencies = (
			);
			name = LuckLottery;
			productName = LuckLottery;
			productReference = EECF8CF015834E96000CA104 /* LuckLottery.app */;
			productType = "com.apple.product-type.application";
		};
/* End PBXNativeTarget section */

/* Begin PBXProject section */
		EECF8CE715834E96000CA104 /* Project object */ = {
			isa = PBXProject;
			attributes = {
				CLASSPREFIX = QC;
				LastUpgradeCheck = 0430;
			};
			buildConfigurationList = EECF8CEA15834E96000CA104 /* Build configuration list for PBXProject "LuckLottery" */;
			compatibilityVersion = "Xcode 3.2";
			developmentRegion = English;
			hasScannedForEncodings = 0;
			knownRegions = (
				en,
			);
			mainGroup = EECF8CE515834E96000CA104;
			productRefGroup = EECF8CF115834E96000CA104 /* Products */;
			projectDirPath = "";
			projectRoot = "";
			targets = (
				EECF8CEF15834E96000CA104 /* LuckLottery */,
			);
		};
/* End PBXProject section */

/* Begin PBXResourcesBuildPhase section */
		EECF8CEE15834E96000CA104 /* Resources */ = {
			isa = PBXResourcesBuildPhase;
			buildActionMask = 2147483647;
			files = (
				EECF8CFF15834E96000CA104 /* InfoPlist.strings in Resources */,
				EECF8D0B15834E96000CA104 /* QCMainViewController.xib in Resources */,
				EE0C16711583872700B879A6 /* QCLuckItemTableViewCell.xib in Resources */,
				EE0C167A158565FA00B879A6 /* QCHistoryViewController.xib in Resources */,
				EE0C168015856F2700B879A6 /* QCLuckItemDateSetViewController.xib in Resources */,
				EE417B301585C44C00B77E45 /* DomobAdSDKBundle.bundle in Resources */,
				EE417B391585DC9200B77E45 /* ball_orange.png in Resources */,
				EE417B3A1585DC9200B77E45 /* ball_red.png in Resources */,
				EEA9B08A158730FB0054C1EB /* QCHistoryTableViewCell.xib in Resources */,
				EE3ECF031588754F0094D9A0 /* ball_blue.png in Resources */,
				EE3ECF061588755D0094D9A0 /* Default.png in Resources */,
				EEA790C0158AB62700A94A3E /* QCLuckItemNumSetViewController.xib in Resources */,
			);
			runOnlyForDeploymentPostprocessing = 0;
		};
/* End PBXResourcesBuildPhase section */

/* Begin PBXSourcesBuildPhase section */
		EECF8CEC15834E96000CA104 /* Sources */ = {
			isa = PBXSourcesBuildPhase;
			buildActionMask = 2147483647;
			files = (
				EECF8D0115834E96000CA104 /* main.m in Sources */,
				EECF8D0515834E96000CA104 /* QCAppDelegate.m in Sources */,
				EECF8D0815834E96000CA104 /* QCMainViewController.m in Sources */,
				EECF8D1515836A8E000CA104 /* QCLuckItem.m in Sources */,
				EE0C166E158386F800B879A6 /* QCLuckItemTableViewCell.m in Sources */,
				EE0C1679158565FA00B879A6 /* QCHistoryViewController.m in Sources */,
				EE0C167F15856F2700B879A6 /* QCLuckItemDateSetViewController.m in Sources */,
				EE21AED71585F90000D28D6F /* QCBallImageView.m in Sources */,
				EEA9B087158730D40054C1EB /* QCHistoryTableViewCell.m in Sources */,
				EEBC8AE7158776BC00E8B6A2 /* QCDataItem.m in Sources */,
				EEBC8AEB15877FDE00E8B6A2 /* QCDataStore.m in Sources */,
				EEA790BF158AB62700A94A3E /* QCLuckItemNumSetViewController.m in Sources */,
			);
			runOnlyForDeploymentPostprocessing = 0;
		};
/* End PBXSourcesBuildPhase section */

/* Begin PBXVariantGroup section */
		EECF8CFD15834E96000CA104 /* InfoPlist.strings */ = {
			isa = PBXVariantGroup;
			children = (
				EECF8D121583526B000CA104 /* zh-Hans */,
			);
			name = InfoPlist.strings;
			sourceTree = "<group>";
		};
		EECF8D0915834E96000CA104 /* QCMainViewController.xib */ = {
			isa = PBXVariantGroup;
			children = (
				EECF8D111583526B000CA104 /* zh-Hans */,
			);
			name = QCMainViewController.xib;
			sourceTree = "<group>";
		};
/* End PBXVariantGroup section */

/* Begin XCBuildConfiguration section */
		EECF8D0C15834E96000CA104 /* Debug */ = {
			isa = XCBuildConfiguration;
			buildSettings = {
				ALWAYS_SEARCH_USER_PATHS = NO;
				ARCHS = "$(ARCHS_STANDARD_32_BIT)";
				CLANG_ENABLE_OBJC_ARC = YES;
				"CODE_SIGN_IDENTITY[sdk=iphoneos*]" = "iPhone Developer";
				COPY_PHASE_STRIP = NO;
				GCC_C_LANGUAGE_STANDARD = gnu99;
				GCC_DYNAMIC_NO_PIC = NO;
				GCC_OPTIMIZATION_LEVEL = 0;
				GCC_PREPROCESSOR_DEFINITIONS = (
					"DEBUG=1",
					"$(inherited)",
				);
				GCC_SYMBOLS_PRIVATE_EXTERN = NO;
				GCC_VERSION = com.apple.compilers.llvm.clang.1_0;
				GCC_WARN_ABOUT_RETURN_TYPE = YES;
				GCC_WARN_UNINITIALIZED_AUTOS = YES;
				GCC_WARN_UNUSED_VARIABLE = YES;
				IPHONEOS_DEPLOYMENT_TARGET = 5.1;
				SDKROOT = iphoneos;
			};
			name = Debug;
		};
		EECF8D0D15834E96000CA104 /* Release */ = {
			isa = XCBuildConfiguration;
			buildSettings = {
				ALWAYS_SEARCH_USER_PATHS = NO;
				ARCHS = "$(ARCHS_STANDARD_32_BIT)";
				CLANG_ENABLE_OBJC_ARC = YES;
				"CODE_SIGN_IDENTITY[sdk=iphoneos*]" = "iPhone Developer";
				COPY_PHASE_STRIP = YES;
				GCC_C_LANGUAGE_STANDARD = gnu99;
				GCC_VERSION = com.apple.compilers.llvm.clang.1_0;
				GCC_WARN_ABOUT_RETURN_TYPE = YES;
				GCC_WARN_UNINITIALIZED_AUTOS = YES;
				GCC_WARN_UNUSED_VARIABLE = YES;
				IPHONEOS_DEPLOYMENT_TARGET = 5.1;
				OTHER_CFLAGS = "-DNS_BLOCK_ASSERTIONS=1";
				SDKROOT = iphoneos;
				VALIDATE_PRODUCT = YES;
			};
			name = Release;
		};
		EECF8D0F15834E96000CA104 /* Debug */ = {
			isa = XCBuildConfiguration;
			buildSettings = {
				GCC_PRECOMPILE_PREFIX_HEADER = YES;
				GCC_PREFIX_HEADER = "LuckLottery/LuckLottery-Prefix.pch";
				INFOPLIST_FILE = "LuckLottery/LuckLottery-Info.plist";
				LIBRARY_SEARCH_PATHS = (
					"$(inherited)",
					"\"$(SRCROOT)/DomobAdSDK\"",
				);
				PRODUCT_NAME = "$(TARGET_NAME)";
				WRAPPER_EXTENSION = app;
			};
			name = Debug;
		};
		EECF8D1015834E96000CA104 /* Release */ = {
			isa = XCBuildConfiguration;
			buildSettings = {
				GCC_PRECOMPILE_PREFIX_HEADER = YES;
				GCC_PREFIX_HEADER = "LuckLottery/LuckLottery-Prefix.pch";
				INFOPLIST_FILE = "LuckLottery/LuckLottery-Info.plist";
				LIBRARY_SEARCH_PATHS = (
					"$(inherited)",
					"\"$(SRCROOT)/DomobAdSDK\"",
				);
				PRODUCT_NAME = "$(TARGET_NAME)";
				WRAPPER_EXTENSION = app;
			};
			name = Release;
		};
/* End XCBuildConfiguration section */

/* Begin XCConfigurationList section */
		EECF8CEA15834E96000CA104 /* Build configuration list for PBXProject "LuckLottery" */ = {
			isa = XCConfigurationList;
			buildConfigurations = (
				EECF8D0C15834E96000CA104 /* Debug */,
				EECF8D0D15834E96000CA104 /* Release */,
			);
			defaultConfigurationIsVisible = 0;
			defaultConfigurationName = Release;
		};
		EECF8D0E15834E96000CA104 /* Build configuration list for PBXNativeTarget "LuckLottery" */ = {
			isa = XCConfigurationList;
			buildConfigurations = (
				EECF8D0F15834E96000CA104 /* Debug */,
				EECF8D1015834E96000CA104 /* Release */,
			);
			defaultConfigurationIsVisible = 0;
			defaultConfigurationName = Release;
		};
/* End XCConfigurationList section */
	};
	rootObject = EECF8CE715834E96000CA104 /* Project object */;
}
